
Microsoft Visual Studio Solution File, Format Version 12.00
# Visual Studio 15
VisualStudioVersion = 15.0.27703.2035
MinimumVisualStudioVersion = 10.0.40219.1
Project("{FAE04EC0-301F-11D3-BF4B-00C04F79EFBC}") = "Grabber_Telegram_Session", "Grabber_Telegram_Session\Grabber_Telegram_Session.csproj", "{13FEFE91-209E-450D-9629-EB71A9143421}"
EndProject
Global
	GlobalSection(SolutionConfigurationPlatforms) = preSolution
		Debug|Any CPU = Debug|Any CPU
		Release|Any CPU = Release|Any CPU
	EndGlobalSection
	GlobalSection(ProjectConfigurationPlatforms) = postSolution
		{13FEFE91-209E-450D-9629-EB71A9143421}.Debug|Any CPU.ActiveCfg = Debug|Any CPU
		{13FEFE91-209E-450D-9629-EB71A9143421}.Debug|Any CPU.Build.0 = Debug|Any CPU
		{13FEFE91-209E-450D-9629-EB71A9143421}.Release|Any CPU.ActiveCfg = Release|Any CPU
		{13FEFE91-209E-450D-9629-EB71A9143421}.Release|Any CPU.Build.0 = Release|Any CPU
	EndGlobalSection
	GlobalSection(SolutionProperties) = preSolution
		HideSolutionNode = FALSE
	EndGlobalSection
	GlobalSection(ExtensibilityGlobals) = postSolution
		SolutionGuid = {4ED752E8-FC75-472C-884D-3012FAC92F6C}
	EndGlobalSection
EndGlobal
